
Microsoft Visual Studio Solution File, Format Version 12.00
# Visual Studio 15
VisualStudioVersion = 15.0.28307.645
MinimumVisualStudioVersion = 10.0.40219.1
Project("{FAE04EC0-301F-11D3-BF4B-00C04F79EFBC}") = "APOLL0", "APOLL0\APOLL0.csproj", "{1F5DCB01-F7BE-404F-80A1-292A654793DC}"
EndProject
Global
	GlobalSection(SolutionConfigurationPlatforms) = preSolution
		Debug|Any CPU = Debug|Any CPU
		Release|Any CPU = Release|Any CPU
	EndGlobalSection
	GlobalSection(ProjectConfigurationPlatforms) = postSolution
		{1F5DCB01-F7BE-404F-80A1-292A654793DC}.Debug|Any CPU.ActiveCfg = Debug|Any CPU
		{1F5DCB01-F7BE-404F-80A1-292A654793DC}.Debug|Any CPU.Build.0 = Debug|Any CPU
		{1F5DCB01-F7BE-404F-80A1-292A654793DC}.Release|Any CPU.ActiveCfg = Release|Any CPU
		{1F5DCB01-F7BE-404F-80A1-292A654793DC}.Release|Any CPU.Build.0 = Release|Any CPU
	EndGlobalSection
	GlobalSection(SolutionProperties) = preSolution
		HideSolutionNode = FALSE
	EndGlobalSection
	GlobalSection(ExtensibilityGlobals) = postSolution
		SolutionGuid = {061EFE3B-856E-4879-8900-092A1D01B720}
	EndGlobalSection
EndGlobal
